// !$*UTF8*$!
{
	archiveVersion = 1;
	classes = {
	};
	objectVersion = 48;
	objects = {

/* Begin PBXBuildFile section */
		DB0BD4681F9DCFCD00691EA8 /* FormButton.swift in Sources */ = {isa = PBXBuildFile; fileRef = DB0BD4671F9DCFCD00691EA8 /* FormButton.swift */; };
		DB86F65C1F9A315C006FCB9A /* AppDelegate.swift in Sources */ = {isa = PBXBuildFile; fileRef = DB86F65B1F9A315C006FCB9A /* AppDelegate.swift */; };
		DB86F65E1F9A315C006FCB9A /* ViewController.swift in Sources */ = {isa = PBXBuildFile; fileRef = DB86F65D1F9A315C006FCB9A /* ViewController.swift */; };
		DB86F6611F9A315C006FCB9A /* Main.storyboard in Resources */ = {isa = PBXBuildFile; fileRef = DB86F65F1F9A315C006FCB9A /* Main.storyboard */; };
		DB86F6631F9A315C006FCB9A /* Assets.xcassets in Resources */ = {isa = PBXBuildFile; fileRef = DB86F6621F9A315C006FCB9A /* Assets.xcassets */; };
		DB86F6661F9A315C006FCB9A /* LaunchScreen.storyboard in Resources */ = {isa = PBXBuildFile; fileRef = DB86F6641F9A315C006FCB9A /* LaunchScreen.storyboard */; };
		DB86F66E1F9A3176006FCB9A /* ArrowPickerView.swift in Sources */ = {isa = PBXBuildFile; fileRef = DB86F66D1F9A3176006FCB9A /* ArrowPickerView.swift */; };
/* End PBXBuildFile section */

/* Begin PBXFileReference section */
		DB0BD4671F9DCFCD00691EA8 /* FormButton.swift */ = {isa = PBXFileReference; lastKnownFileType = sourcecode.swift; path = FormButton.swift; sourceTree = "<group>"; };
		DB86F6581F9A315C006FCB9A /* ArrowPickerView.app */ = {isa = PBXFileReference; explicitFileType = wrapper.application; includeInIndex = 0; path = ArrowPickerView.app; sourceTree = BUILT_PRODUCTS_DIR; };
		DB86F65B1F9A315C006FCB9A /* AppDelegate.swift */ = {isa = PBXFileReference; lastKnownFileType = sourcecode.swift; path = AppDelegate.swift; sourceTree = "<group>"; };
		DB86F65D1F9A315C006FCB9A /* ViewController.swift */ = {isa = PBXFileReference; lastKnownFileType = sourcecode.swift; path = ViewController.swift; sourceTree = "<group>"; };
		DB86F6601F9A315C006FCB9A /* Base */ = {isa = PBXFileReference; lastKnownFileType = file.storyboard; name = Base; path = Base.lproj/Main.storyboard; sourceTree = "<group>"; };
		DB86F6621F9A315C006FCB9A /* Assets.xcassets */ = {isa = PBXFileReference; lastKnownFileType = folder.assetcatalog; path = Assets.xcassets; sourceTree = "<group>"; };
		DB86F6651F9A315C006FCB9A /* Base */ = {isa = PBXFileReference; lastKnownFileType = file.storyboard; name = Base; path = Base.lproj/LaunchScreen.storyboard; sourceTree = "<group>"; };
		DB86F6671F9A315C006FCB9A /* Info.plist */ = {isa = PBXFileReference; lastKnownFileType = text.plist.xml; path = Info.plist; sourceTree = "<group>"; };
		DB86F66D1F9A3176006FCB9A /* ArrowPickerView.swift */ = {isa = PBXFileReference; fileEncoding = 4; lastKnownFileType = sourcecode.swift; path = ArrowPickerView.swift; sourceTree = "<group>"; };
/* End PBXFileReference section */

/* Begin PBXFrameworksBuildPhase section */
		DB86F6551F9A315C006FCB9A /* Frameworks */ = {
			isa = PBXFrameworksBuildPhase;
			buildActionMask = 2147483647;
			files = (
			);
			runOnlyForDeploymentPostprocessing = 0;
		};
/* End PBXFrameworksBuildPhase section */

/* Begin PBXGroup section */
		DB0BD4661F9DCF7B00691EA8 /* Resources */ = {
			isa = PBXGroup;
			children = (
				DB86F6641F9A315C006FCB9A /* LaunchScreen.storyboard */,
				DB86F6621F9A315C006FCB9A /* Assets.xcassets */,
				DB86F6671F9A315C006FCB9A /* Info.plist */,
			);
			path = Resources;
			sourceTree = "<group>";
		};
		DB86F64F1F9A315C006FCB9A = {
			isa = PBXGroup;
			children = (
				DBDBAC8C1F9DC50F005EF7B1 /* Pod */,
				DB86F65A1F9A315C006FCB9A /* Example */,
				DB86F6591F9A315C006FCB9A /* Products */,
			);
			sourceTree = "<group>";
		};
		DB86F6591F9A315C006FCB9A /* Products */ = {
			isa = PBXGroup;
			children = (
				DB86F6581F9A315C006FCB9A /* ArrowPickerView.app */,
			);
			name = Products;
			sourceTree = "<group>";
		};
		DB86F65A1F9A315C006FCB9A /* Example */ = {
			isa = PBXGroup;
			children = (
				DB86F65D1F9A315C006FCB9A /* ViewController.swift */,
				DB0BD4671F9DCFCD00691EA8 /* FormButton.swift */,
				DB86F65B1F9A315C006FCB9A /* AppDelegate.swift */,
				DB86F65F1F9A315C006FCB9A /* Main.storyboard */,
				DB0BD4661F9DCF7B00691EA8 /* Resources */,
			);
			path = Example;
			sourceTree = "<group>";
		};
		DBDBAC8C1F9DC50F005EF7B1 /* Pod */ = {
			isa = PBXGroup;
			children = (
				DB86F66D1F9A3176006FCB9A /* ArrowPickerView.swift */,
			);
			path = Pod;
			sourceTree = "<group>";
		};
/* End PBXGroup section */

/* Begin PBXNativeTarget section */
		DB86F6571F9A315C006FCB9A /* ArrowPickerView */ = {
			isa = PBXNativeTarget;
			buildConfigurationList = DB86F66A1F9A315C006FCB9A /* Build configuration list for PBXNativeTarget "ArrowPickerView" */;
			buildPhases = (
				DB86F6541F9A315C006FCB9A /* Sources */,
				DB86F6551F9A315C006FCB9A /* Frameworks */,
				DB86F6561F9A315C006FCB9A /* Resources */,
			);
			buildRules = (
			);
			dependencies = (
			);
			name = ArrowPickerView;
			productName = ArrowPickerView;
			productReference = DB86F6581F9A315C006FCB9A /* ArrowPickerView.app */;
			productType = "com.apple.product-type.application";
		};
/* End PBXNativeTarget section */

/* Begin PBXProject section */
		DB86F6501F9A315C006FCB9A /* Project object */ = {
			isa = PBXProject;
			attributes = {
				LastSwiftUpdateCheck = 0910;
				LastUpgradeCheck = 0910;
				ORGANIZATIONNAME = Autozubak;
				TargetAttributes = {
					DB86F6571F9A315C006FCB9A = {
						CreatedOnToolsVersion = 9.1;
						ProvisioningStyle = Automatic;
					};
				};
			};
			buildConfigurationList = DB86F6531F9A315C006FCB9A /* Build configuration list for PBXProject "ArrowPickerView" */;
			compatibilityVersion = "Xcode 8.0";
			developmentRegion = en;
			hasScannedForEncodings = 0;
			knownRegions = (
				en,
				Base,
			);
			mainGroup = DB86F64F1F9A315C006FCB9A;
			productRefGroup = DB86F6591F9A315C006FCB9A /* Products */;
			projectDirPath = "";
			projectRoot = "";
			targets = (
				DB86F6571F9A315C006FCB9A /* ArrowPickerView */,
			);
		};
/* End PBXProject section */

/* Begin PBXResourcesBuildPhase section */
		DB86F6561F9A315C006FCB9A /* Resources */ = {
			isa = PBXResourcesBuildPhase;
			buildActionMask = 2147483647;
			files = (
				DB86F6661F9A315C006FCB9A /* LaunchScreen.storyboard in Resources */,
				DB86F6631F9A315C006FCB9A /* Assets.xcassets in Resources */,
				DB86F6611F9A315C006FCB9A /* Main.storyboard in Resources */,
			);
			runOnlyForDeploymentPostprocessing = 0;
		};
/* End PBXResourcesBuildPhase section */

/* Begin PBXSourcesBuildPhase section */
		DB86F6541F9A315C006FCB9A /* Sources */ = {
			isa = PBXSourcesBuildPhase;
			buildActionMask = 2147483647;
			files = (
				DB0BD4681F9DCFCD00691EA8 /* FormButton.swift in Sources */,
				DB86F66E1F9A3176006FCB9A /* ArrowPickerView.swift in Sources */,
				DB86F65E1F9A315C006FCB9A /* ViewController.swift in Sources */,
				DB86F65C1F9A315C006FCB9A /* AppDelegate.swift in Sources */,
			);
			runOnlyForDeploymentPostprocessing = 0;
		};
/* End PBXSourcesBuildPhase section */

/* Begin PBXVariantGroup section */
		DB86F65F1F9A315C006FCB9A /* Main.storyboard */ = {
			isa = PBXVariantGroup;
			children = (
				DB86F6601F9A315C006FCB9A /* Base */,
			);
			name = Main.storyboard;
			sourceTree = "<group>";
		};
		DB86F6641F9A315C006FCB9A /* LaunchScreen.storyboard */ = {
			isa = PBXVariantGroup;
			children = (
				DB86F6651F9A315C006FCB9A /* Base */,
			);
			name = LaunchScreen.storyboard;
			sourceTree = "<group>";
		};
/* End PBXVariantGroup section */

/* Begin XCBuildConfiguration section */
		DB86F6681F9A315C006FCB9A /* Debug */ = {
			isa = XCBuildConfiguration;
			buildSettings = {
				ALWAYS_SEARCH_USER_PATHS = NO;
				CLANG_ANALYZER_NONNULL = YES;
				CLANG_ANALYZER_NUMBER_OBJECT_CONVERSION = YES_AGGRESSIVE;
				CLANG_CXX_LANGUAGE_STANDARD = "gnu++14";
				CLANG_CXX_LIBRARY = "libc++";
				CLANG_ENABLE_MODULES = YES;
				CLANG_ENABLE_OBJC_ARC = YES;
				CLANG_WARN_BLOCK_CAPTURE_AUTORELEASING = YES;
				CLANG_WARN_BOOL_CONVERSION = YES;
				CLANG_WARN_COMMA = YES;
				CLANG_WARN_CONSTANT_CONVERSION = YES;
				CLANG_WARN_DIRECT_OBJC_ISA_USAGE = YES_ERROR;
				CLANG_WARN_DOCUMENTATION_COMMENTS = YES;
				CLANG_WARN_EMPTY_BODY = YES;
				CLANG_WARN_ENUM_CONVERSION = YES;
				CLANG_WARN_INFINITE_RECURSION = YES;
				CLANG_WARN_INT_CONVERSION = YES;
				CLANG_WARN_NON_LITERAL_NULL_CONVERSION = YES;
				CLANG_WARN_OBJC_LITERAL_CONVERSION = YES;
				CLANG_WARN_OBJC_ROOT_CLASS = YES_ERROR;
				CLANG_WARN_RANGE_LOOP_ANALYSIS = YES;
				CLANG_WARN_STRICT_PROTOTYPES = YES;
				CLANG_WARN_SUSPICIOUS_MOVE = YES;
				CLANG_WARN_UNGUARDED_AVAILABILITY = YES_AGGRESSIVE;
				CLANG_WARN_UNREACHABLE_CODE = YES;
				CLANG_WARN__DUPLICATE_METHOD_MATCH = YES;
				CODE_SIGN_IDENTITY = "iPhone Developer";
				COPY_PHASE_STRIP = NO;
				DEBUG_INFORMATION_FORMAT = dwarf;
				ENABLE_STRICT_OBJC_MSGSEND = YES;
				ENABLE_TESTABILITY = YES;
				GCC_C_LANGUAGE_STANDARD = gnu11;
				GCC_DYNAMIC_NO_PIC = NO;
				GCC_NO_COMMON_BLOCKS = YES;
				GCC_OPTIMIZATION_LEVEL = 0;
				GCC_PREPROCESSOR_DEFINITIONS = (
					"DEBUG=1",
					"$(inherited)",
				);
				GCC_WARN_64_TO_32_BIT_CONVERSION = YES;
				GCC_WARN_ABOUT_RETURN_TYPE = YES_ERROR;
				GCC_WARN_UNDECLARED_SELECTOR = YES;
				GCC_WARN_UNINITIALIZED_AUTOS = YES_AGGRESSIVE;
				GCC_WARN_UNUSED_FUNCTION = YES;
				GCC_WARN_UNUSED_VARIABLE = YES;
				IPHONEOS_DEPLOYMENT_TARGET = 10.0;
				MTL_ENABLE_DEBUG_INFO = YES;
				ONLY_ACTIVE_ARCH = YES;
				SDKROOT = iphoneos;
				SWIFT_ACTIVE_COMPILATION_CONDITIONS = DEBUG;
				SWIFT_OPTIMIZATION_LEVEL = "-Onone";
			};
			name = Debug;
		};
		DB86F6691F9A315C006FCB9A /* Release */ = {
			isa = XCBuildConfiguration;
			buildSettings = {
				ALWAYS_SEARCH_USER_PATHS = NO;
				CLANG_ANALYZER_NONNULL = YES;
				CLANG_ANALYZER_NUMBER_OBJECT_CONVERSION = YES_AGGRESSIVE;
				CLANG_CXX_LANGUAGE_STANDARD = "gnu++14";
				CLANG_CXX_LIBRARY = "libc++";
				CLANG_ENABLE_MODULES = YES;
				CLANG_ENABLE_OBJC_ARC = YES;
				CLANG_WARN_BLOCK_CAPTURE_AUTORELEASING = YES;
				CLANG_WARN_BOOL_CONVERSION = YES;
				CLANG_WARN_COMMA = YES;
				CLANG_WARN_CONSTANT_CONVERSION = YES;
				CLANG_WARN_DIRECT_OBJC_ISA_USAGE = YES_ERROR;
				CLANG_WARN_DOCUMENTATION_COMMENTS = YES;
				CLANG_WARN_EMPTY_BODY = YES;
				CLANG_WARN_ENUM_CONVERSION = YES;
				CLANG_WARN_INFINITE_RECURSION = YES;
				CLANG_WARN_INT_CONVERSION = YES;
				CLANG_WARN_NON_LITERAL_NULL_CONVERSION = YES;
				CLANG_WARN_OBJC_LITERAL_CONVERSION = YES;
				CLANG_WARN_OBJC_ROOT_CLASS = YES_ERROR;
				CLANG_WARN_RANGE_LOOP_ANALYSIS = YES;
				CLANG_WARN_STRICT_PROTOTYPES = YES;
				CLANG_WARN_SUSPICIOUS_MOVE = YES;
				CLANG_WARN_UNGUARDED_AVAILABILITY = YES_AGGRESSIVE;
				CLANG_WARN_UNREACHABLE_CODE = YES;
				CLANG_WARN__DUPLICATE_METHOD_MATCH = YES;
				CODE_SIGN_IDENTITY = "iPhone Developer";
				COPY_PHASE_STRIP = NO;
				DEBUG_INFORMATION_FORMAT = "dwarf-with-dsym";
				ENABLE_NS_ASSERTIONS = NO;
				ENABLE_STRICT_OBJC_MSGSEND = YES;
				GCC_C_LANGUAGE_STANDARD = gnu11;
				GCC_NO_COMMON_BLOCKS = YES;
				GCC_WARN_64_TO_32_BIT_CONVERSION = YES;
				GCC_WARN_ABOUT_RETURN_TYPE = YES_ERROR;
				GCC_WARN_UNDECLARED_SELECTOR = YES;
				GCC_WARN_UNINITIALIZED_AUTOS = YES_AGGRESSIVE;
				GCC_WARN_UNUSED_FUNCTION = YES;
				GCC_WARN_UNUSED_VARIABLE = YES;
				IPHONEOS_DEPLOYMENT_TARGET = 10.0;
				MTL_ENABLE_DEBUG_INFO = NO;
				SDKROOT = iphoneos;
				SWIFT_OPTIMIZATION_LEVEL = "-Owholemodule";
				VALIDATE_PRODUCT = YES;
			};
			name = Release;
		};
		DB86F66B1F9A315C006FCB9A /* Debug */ = {
			isa = XCBuildConfiguration;
			buildSettings = {
				ASSETCATALOG_COMPILER_APPICON_NAME = AppIcon;
				CODE_SIGN_STYLE = Automatic;
				DEVELOPMENT_TEAM = 9GKT45AE6R;
				INFOPLIST_FILE = Example/Resources/Info.plist;
				IPHONEOS_DEPLOYMENT_TARGET = 10.0;
				LD_RUNPATH_SEARCH_PATHS = "$(inherited) @executable_path/Frameworks";
				PRODUCT_BUNDLE_IDENTIFIER = hr.davtomic.ArrowPickerView;
				PRODUCT_NAME = "$(TARGET_NAME)";
				SWIFT_VERSION = 4.0;
				TARGETED_DEVICE_FAMILY = "1,2";
			};
			name = Debug;
		};
		DB86F66C1F9A315C006FCB9A /* Release */ = {
			isa = XCBuildConfiguration;
			buildSettings = {
				ASSETCATALOG_COMPILER_APPICON_NAME = AppIcon;
				CODE_SIGN_STYLE = Automatic;
				DEVELOPMENT_TEAM = 9GKT45AE6R;
				INFOPLIST_FILE = Example/Resources/Info.plist;
				IPHONEOS_DEPLOYMENT_TARGET = 10.0;
				LD_RUNPATH_SEARCH_PATHS = "$(inherited) @executable_path/Frameworks";
				PRODUCT_BUNDLE_IDENTIFIER = hr.davtomic.ArrowPickerView;
				PRODUCT_NAME = "$(TARGET_NAME)";
				SWIFT_VERSION = 4.0;
				TARGETED_DEVICE_FAMILY = "1,2";
			};
			name = Release;
		};
/* End XCBuildConfiguration section */

/* Begin XCConfigurationList section */
		DB86F6531F9A315C006FCB9A /* Build configuration list for PBXProject "ArrowPickerView" */ = {
			isa = XCConfigurationList;
			buildConfigurations = (
				DB86F6681F9A315C006FCB9A /* Debug */,
				DB86F6691F9A315C006FCB9A /* Release */,
			);
			defaultConfigurationIsVisible = 0;
			defaultConfigurationName = Release;
		};
		DB86F66A1F9A315C006FCB9A /* Build configuration list for PBXNativeTarget "ArrowPickerView" */ = {
			isa = XCConfigurationList;
			buildConfigurations = (
				DB86F66B1F9A315C006FCB9A /* Debug */,
				DB86F66C1F9A315C006FCB9A /* Release */,
			);
			defaultConfigurationIsVisible = 0;
			defaultConfigurationName = Release;
		};
/* End XCConfigurationList section */
	};
	rootObject = DB86F6501F9A315C006FCB9A /* Project object */;
}
